
Microsoft Visual Studio Solution File, Format Version 12.00
# Visual Studio 15
VisualStudioVersion = 15.0.28307.168
MinimumVisualStudioVersion = 10.0.40219.1
Project("{FAE04EC0-301F-11D3-BF4B-00C04F79EFBC}") = "Incremental", "Incremental\Incremental.csproj", "{63CAA69A-8A34-4555-818B-30CA7AD3A563}"
EndProject
Project("{2150E333-8FDC-42A3-9474-1A3956D46DE8}") = "Solution Items", "Solution Items", "{3FD3491A-D47C-43BA-9970-64876EAC3F8D}"
EndProject
Global
	GlobalSection(SolutionConfigurationPlatforms) = preSolution
		Debug|Any CPU = Debug|Any CPU
		Release|Any CPU = Release|Any CPU
	EndGlobalSection
	GlobalSection(ProjectConfigurationPlatforms) = postSolution
		{63CAA69A-8A34-4555-818B-30CA7AD3A563}.Debug|Any CPU.ActiveCfg = Debug|Any CPU
		{63CAA69A-8A34-4555-818B-30CA7AD3A563}.Debug|Any CPU.Build.0 = Debug|Any CPU
		{63CAA69A-8A34-4555-818B-30CA7AD3A563}.Release|Any CPU.ActiveCfg = Release|Any CPU
		{63CAA69A-8A34-4555-818B-30CA7AD3A563}.Release|Any CPU.Build.0 = Release|Any CPU
	EndGlobalSection
	GlobalSection(SolutionProperties) = preSolution
		HideSolutionNode = FALSE
	EndGlobalSection
	GlobalSection(ExtensibilityGlobals) = postSolution
		SolutionGuid = {3BDEE383-8FF6-419D-A3F7-838016F7F096}
	EndGlobalSection
EndGlobal
